
Microsoft Visual Studio Solution File, Format Version 12.00
# Visual Studio Version 17
VisualStudioVersion = 17.14.36518.9 d17.14
MinimumVisualStudioVersion = 10.0.40219.1
Project("{FAE04EC0-301F-11D3-BF4B-00C04F79EFBC}") = "ModeloDatosTest", "ModeloDatosTest\ModeloDatosTest.csproj", "{616566D6-AA3E-40CE-9014-AFE1E5AF85D9}"
EndProject
Project("{FAE04EC0-301F-11D3-BF4B-00C04F79EFBC}") = "ModeloDatos", "ModeladoDatos\ModeloDatos.csproj", "{88913301-19C6-420D-BAC9-4B47AECA1798}"
EndProject
Global
	GlobalSection(SolutionConfigurationPlatforms) = preSolution
		Debug|Any CPU = Debug|Any CPU
		Release|Any CPU = Release|Any CPU
	EndGlobalSection
	GlobalSection(ProjectConfigurationPlatforms) = postSolution
		{616566D6-AA3E-40CE-9014-AFE1E5AF85D9}.Debug|Any CPU.ActiveCfg = Debug|Any CPU
		{616566D6-AA3E-40CE-9014-AFE1E5AF85D9}.Debug|Any CPU.Build.0 = Debug|Any CPU
		{616566D6-AA3E-40CE-9014-AFE1E5AF85D9}.Release|Any CPU.ActiveCfg = Release|Any CPU
		{616566D6-AA3E-40CE-9014-AFE1E5AF85D9}.Release|Any CPU.Build.0 = Release|Any CPU
		{88913301-19C6-420D-BAC9-4B47AECA1798}.Debug|Any CPU.ActiveCfg = Debug|Any CPU
		{88913301-19C6-420D-BAC9-4B47AECA1798}.Debug|Any CPU.Build.0 = Debug|Any CPU
		{88913301-19C6-420D-BAC9-4B47AECA1798}.Release|Any CPU.ActiveCfg = Release|Any CPU
		{88913301-19C6-420D-BAC9-4B47AECA1798}.Release|Any CPU.Build.0 = Release|Any CPU
	EndGlobalSection
	GlobalSection(SolutionProperties) = preSolution
		HideSolutionNode = FALSE
	EndGlobalSection
	GlobalSection(ExtensibilityGlobals) = postSolution
		SolutionGuid = {F7EAFAFA-0729-4DBF-BA3D-E509A26D885F}
	EndGlobalSection
EndGlobal
